<?xml version="1.0" encoding="utf-8"?>
<Project ToolsVersion="4.0" xmlns="http://schemas.microsoft.com/developer/msbuild/2003">
  <ItemGroup>
    <Filter Include="Source Files">
      <UniqueIdentifier>{4FC737F1-C7A5-4376-A066-2A32D752A2FF}</UniqueIdentifier>
      <Extensions>cpp;c;cc;cxx;def;odl;idl;hpj;bat;asm;asmx</Extensions>
    </Filter>
    <Filter Include="Header Files">
      <UniqueIdentifier>{93995380-89BD-4b04-88EB-625FBE52EBFB}</UniqueIdentifier>
      <Extensions>h;hh;hpp;hxx;hm;inl;inc;xsd</Extensions>
    </Filter>
    <Filter Include="Resource Files">
      <UniqueIdentifier>{67DA6AB6-F800-4c08-8B7A-83BB121AAD01}</UniqueIdentifier>
      <Extensions>rc;ico;cur;bmp;dlg;rc2;rct;bin;rgs;gif;jpg;jpeg;jpe;resx;tiff;tif;png;wav;mfcribbon-ms</Extensions>
    </Filter>
    <Filter Include="Header Files\vdi">
      <UniqueIdentifier>{0e6981eb-04f7-46cc-b8e4-4ef142076332}</UniqueIdentifier>
    </Filter>
    <Filter Include="nowide">
      <UniqueIdentifier>{4584837c-1d76-4b8c-aa95-e86de4b0ba43}</UniqueIdentifier>
    </Filter>
  </ItemGroup>
  <ItemGroup>
    <ClInclude Include="stdafx.h">
      <Filter>Header Files</Filter>
    </ClInclude>
    <ClInclude Include="vdi\vdi.h">
      <Filter>Header Files\vdi</Filter>
    </ClInclude>
    <ClInclude Include="vdi\vdierror.h">
      <Filter>Header Files\vdi</Filter>
    </ClInclude>
    <ClInclude Include="vdi\vdiguid.h">
      <Filter>Header Files\vdi</Filter>
    </ClInclude>
    <ClInclude Include="params.h">
      <Filter>Header Files</Filter>
    </ClInclude>
    <ClInclude Include="util.h">
      <Filter>Header Files</Filter>
    </ClInclude>
    <ClInclude Include="pipestat.h">
      <Filter>Header Files</Filter>
    </ClInclude>
    <ClInclude Include="nowide\args.hpp">
      <Filter>nowide</Filter>
    </ClInclude>
    <ClInclude Include="nowide\cenv.hpp">
      <Filter>nowide</Filter>
    </ClInclude>
    <ClInclude Include="nowide\config.hpp">
      <Filter>nowide</Filter>
    </ClInclude>
    <ClInclude Include="nowide\convert.hpp">
      <Filter>nowide</Filter>
    </ClInclude>
    <ClInclude Include="nowide\cstdio.hpp">
      <Filter>nowide</Filter>
    </ClInclude>
    <ClInclude Include="nowide\cstdlib.hpp">
      <Filter>nowide</Filter>
    </ClInclude>
    <ClInclude Include="nowide\encoding_errors.hpp">
      <Filter>nowide</Filter>
    </ClInclude>
    <ClInclude Include="nowide\encoding_utf.hpp">
      <Filter>nowide</Filter>
    </ClInclude>
    <ClInclude Include="nowide\filebuf.hpp">
      <Filter>nowide</Filter>
    </ClInclude>
    <ClInclude Include="nowide\fstream.hpp">
      <Filter>nowide</Filter>
    </ClInclude>
    <ClInclude Include="nowide\iostream.hpp">
      <Filter>nowide</Filter>
    </ClInclude>
    <ClInclude Include="nowide\scoped_ptr.hpp">
      <Filter>nowide</Filter>
    </ClInclude>
    <ClInclude Include="nowide\stackstring.hpp">
      <Filter>nowide</Filter>
    </ClInclude>
    <ClInclude Include="nowide\system.hpp">
      <Filter>nowide</Filter>
    </ClInclude>
    <ClInclude Include="nowide\utf.hpp">
      <Filter>nowide</Filter>
    </ClInclude>
    <ClInclude Include="nowide\windows.hpp">
      <Filter>nowide</Filter>
    </ClInclude>
    <ClInclude Include="nowide\utf8_codecvt.hpp">
      <Filter>nowide</Filter>
    </ClInclude>
  </ItemGroup>
  <ItemGroup>
    <ClCompile Include="stdafx.cpp">
      <Filter>Source Files</Filter>
    </ClCompile>
    <ClCompile Include="mssqlPipe.cpp">
      <Filter>Source Files</Filter>
    </ClCompile>
    <ClCompile Include="params.cpp">
      <Filter>Source Files</Filter>
    </ClCompile>
    <ClCompile Include="nowide\iostream.cpp">
      <Filter>nowide</Filter>
    </ClCompile>
  </ItemGroup>
  <ItemGroup>
    <None Include="msado60_backcompat.tlh">
      <Filter>Header Files</Filter>
    </None>
    <None Include="msado60_backcompat.tli">
      <Filter>Header Files</Filter>
    </None>
    <None Include="README.md" />
  </ItemGroup>
</Project>